// !$*UTF8*$!
{
	archiveVersion = 1;
	classes = {
	};
	objectVersion = 46;
	objects = {

/* Begin PBXBuildFile section */
		F455EDBD1A3CD0DA0080872C /* AppDelegate.swift in Sources */ = {isa = PBXBuildFile; fileRef = F455EDBC1A3CD0DA0080872C /* AppDelegate.swift */; };
		F455EDBF1A3CD0DA0080872C /* ViewController.swift in Sources */ = {isa = PBXBuildFile; fileRef = F455EDBE1A3CD0DA0080872C /* ViewController.swift */; };
		F455EDC11A3CD0DA0080872C /* Images.xcassets in Resources */ = {isa = PBXBuildFile; fileRef = F455EDC01A3CD0DA0080872C /* Images.xcassets */; };
		F455EDC41A3CD0DA0080872C /* Main.storyboard in Resources */ = {isa = PBXBuildFile; fileRef = F455EDC21A3CD0DA0080872C /* Main.storyboard */; };
		F455EDD01A3CD0DA0080872C /* TableViewTests.swift in Sources */ = {isa = PBXBuildFile; fileRef = F455EDCF1A3CD0DA0080872C /* TableViewTests.swift */; };
/* End PBXBuildFile section */

/* Begin PBXContainerItemProxy section */
		F455EDCA1A3CD0DA0080872C /* PBXContainerItemProxy */ = {
			isa = PBXContainerItemProxy;
			containerPortal = F455EDAF1A3CD0DA0080872C /* Project object */;
			proxyType = 1;
			remoteGlobalIDString = F455EDB61A3CD0DA0080872C;
			remoteInfo = TableView;
		};
/* End PBXContainerItemProxy section */

/* Begin PBXFileReference section */
		F455EDB71A3CD0DA0080872C /* TableView.app */ = {isa = PBXFileReference; explicitFileType = wrapper.application; includeInIndex = 0; path = TableView.app; sourceTree = BUILT_PRODUCTS_DIR; };
		F455EDBB1A3CD0DA0080872C /* Info.plist */ = {isa = PBXFileReference; lastKnownFileType = text.plist.xml; path = Info.plist; sourceTree = "<group>"; };
		F455EDBC1A3CD0DA0080872C /* AppDelegate.swift */ = {isa = PBXFileReference; lastKnownFileType = sourcecode.swift; path = AppDelegate.swift; sourceTree = "<group>"; };
		F455EDBE1A3CD0DA0080872C /* ViewController.swift */ = {isa = PBXFileReference; lastKnownFileType = sourcecode.swift; path = ViewController.swift; sourceTree = "<group>"; };
		F455EDC01A3CD0DA0080872C /* Images.xcassets */ = {isa = PBXFileReference; lastKnownFileType = folder.assetcatalog; path = Images.xcassets; sourceTree = "<group>"; };
		F455EDC31A3CD0DA0080872C /* Base */ = {isa = PBXFileReference; lastKnownFileType = file.storyboard; name = Base; path = Base.lproj/Main.storyboard; sourceTree = "<group>"; };
		F455EDC91A3CD0DA0080872C /* TableViewTests.xctest */ = {isa = PBXFileReference; explicitFileType = wrapper.cfbundle; includeInIndex = 0; path = TableViewTests.xctest; sourceTree = BUILT_PRODUCTS_DIR; };
		F455EDCE1A3CD0DA0080872C /* Info.plist */ = {isa = PBXFileReference; lastKnownFileType = text.plist.xml; path = Info.plist; sourceTree = "<group>"; };
		F455EDCF1A3CD0DA0080872C /* TableViewTests.swift */ = {isa = PBXFileReference; lastKnownFileType = sourcecode.swift; path = TableViewTests.swift; sourceTree = "<group>"; };
/* End PBXFileReference section */

/* Begin PBXFrameworksBuildPhase section */
		F455EDB41A3CD0DA0080872C /* Frameworks */ = {
			isa = PBXFrameworksBuildPhase;
			buildActionMask = 2147483647;
			files = (
			);
			runOnlyForDeploymentPostprocessing = 0;
		};
		F455EDC61A3CD0DA0080872C /* Frameworks */ = {
			isa = PBXFrameworksBuildPhase;
			buildActionMask = 2147483647;
			files = (
			);
			runOnlyForDeploymentPostprocessing = 0;
		};
/* End PBXFrameworksBuildPhase section */

/* Begin PBXGroup section */
		F455EDAE1A3CD0DA0080872C = {
			isa = PBXGroup;
			children = (
				F455EDB91A3CD0DA0080872C /* TableView */,
				F455EDCC1A3CD0DA0080872C /* TableViewTests */,
				F455EDB81A3CD0DA0080872C /* Products */,
			);
			sourceTree = "<group>";
		};
		F455EDB81A3CD0DA0080872C /* Products */ = {
			isa = PBXGroup;
			children = (
				F455EDB71A3CD0DA0080872C /* TableView.app */,
				F455EDC91A3CD0DA0080872C /* TableViewTests.xctest */,
			);
			name = Products;
			sourceTree = "<group>";
		};
		F455EDB91A3CD0DA0080872C /* TableView */ = {
			isa = PBXGroup;
			children = (
				F455EDBC1A3CD0DA0080872C /* AppDelegate.swift */,
				F455EDBE1A3CD0DA0080872C /* ViewController.swift */,
				F455EDC01A3CD0DA0080872C /* Images.xcassets */,
				F455EDC21A3CD0DA0080872C /* Main.storyboard */,
				F455EDBA1A3CD0DA0080872C /* Supporting Files */,
			);
			path = TableView;
			sourceTree = "<group>";
		};
		F455EDBA1A3CD0DA0080872C /* Supporting Files */ = {
			isa = PBXGroup;
			children = (
				F455EDBB1A3CD0DA0080872C /* Info.plist */,
			);
			name = "Supporting Files";
			sourceTree = "<group>";
		};
		F455EDCC1A3CD0DA0080872C /* TableViewTests */ = {
			isa = PBXGroup;
			children = (
				F455EDCF1A3CD0DA0080872C /* TableViewTests.swift */,
				F455EDCD1A3CD0DA0080872C /* Supporting Files */,
			);
			path = TableViewTests;
			sourceTree = "<group>";
		};
		F455EDCD1A3CD0DA0080872C /* Supporting Files */ = {
			isa = PBXGroup;
			children = (
				F455EDCE1A3CD0DA0080872C /* Info.plist */,
			);
			name = "Supporting Files";
			sourceTree = "<group>";
		};
/* End PBXGroup section */

/* Begin PBXNativeTarget section */
		F455EDB61A3CD0DA0080872C /* TableView */ = {
			isa = PBXNativeTarget;
			buildConfigurationList = F455EDD31A3CD0DA0080872C /* Build configuration list for PBXNativeTarget "TableView" */;
			buildPhases = (
				F455EDB31A3CD0DA0080872C /* Sources */,
				F455EDB41A3CD0DA0080872C /* Frameworks */,
				F455EDB51A3CD0DA0080872C /* Resources */,
			);
			buildRules = (
			);
			dependencies = (
			);
			name = TableView;
			productName = TableView;
			productReference = F455EDB71A3CD0DA0080872C /* TableView.app */;
			productType = "com.apple.product-type.application";
		};
		F455EDC81A3CD0DA0080872C /* TableViewTests */ = {
			isa = PBXNativeTarget;
			buildConfigurationList = F455EDD61A3CD0DA0080872C /* Build configuration list for PBXNativeTarget "TableViewTests" */;
			buildPhases = (
				F455EDC51A3CD0DA0080872C /* Sources */,
				F455EDC61A3CD0DA0080872C /* Frameworks */,
				F455EDC71A3CD0DA0080872C /* Resources */,
			);
			buildRules = (
			);
			dependencies = (
				F455EDCB1A3CD0DA0080872C /* PBXTargetDependency */,
			);
			name = TableViewTests;
			productName = TableViewTests;
			productReference = F455EDC91A3CD0DA0080872C /* TableViewTests.xctest */;
			productType = "com.apple.product-type.bundle.unit-test";
		};
/* End PBXNativeTarget section */

/* Begin PBXProject section */
		F455EDAF1A3CD0DA0080872C /* Project object */ = {
			isa = PBXProject;
			attributes = {
				LastUpgradeCheck = 0610;
				ORGANIZATIONNAME = "Toshiyuki Yoshida";
				TargetAttributes = {
					F455EDB61A3CD0DA0080872C = {
						CreatedOnToolsVersion = 6.1.1;
					};
					F455EDC81A3CD0DA0080872C = {
						CreatedOnToolsVersion = 6.1.1;
						TestTargetID = F455EDB61A3CD0DA0080872C;
					};
				};
			};
			buildConfigurationList = F455EDB21A3CD0DA0080872C /* Build configuration list for PBXProject "TableView" */;
			compatibilityVersion = "Xcode 3.2";
			developmentRegion = English;
			hasScannedForEncodings = 0;
			knownRegions = (
				en,
				Base,
			);
			mainGroup = F455EDAE1A3CD0DA0080872C;
			productRefGroup = F455EDB81A3CD0DA0080872C /* Products */;
			projectDirPath = "";
			projectRoot = "";
			targets = (
				F455EDB61A3CD0DA0080872C /* TableView */,
				F455EDC81A3CD0DA0080872C /* TableViewTests */,
			);
		};
/* End PBXProject section */

/* Begin PBXResourcesBuildPhase section */
		F455EDB51A3CD0DA0080872C /* Resources */ = {
			isa = PBXResourcesBuildPhase;
			buildActionMask = 2147483647;
			files = (
				F455EDC11A3CD0DA0080872C /* Images.xcassets in Resources */,
				F455EDC41A3CD0DA0080872C /* Main.storyboard in Resources */,
			);
			runOnlyForDeploymentPostprocessing = 0;
		};
		F455EDC71A3CD0DA0080872C /* Resources */ = {
			isa = PBXResourcesBuildPhase;
			buildActionMask = 2147483647;
			files = (
			);
			runOnlyForDeploymentPostprocessing = 0;
		};
/* End PBXResourcesBuildPhase section */

/* Begin PBXSourcesBuildPhase section */
		F455EDB31A3CD0DA0080872C /* Sources */ = {
			isa = PBXSourcesBuildPhase;
			buildActionMask = 2147483647;
			files = (
				F455EDBF1A3CD0DA0080872C /* ViewController.swift in Sources */,
				F455EDBD1A3CD0DA0080872C /* AppDelegate.swift in Sources */,
			);
			runOnlyForDeploymentPostprocessing = 0;
		};
		F455EDC51A3CD0DA0080872C /* Sources */ = {
			isa = PBXSourcesBuildPhase;
			buildActionMask = 2147483647;
			files = (
				F455EDD01A3CD0DA0080872C /* TableViewTests.swift in Sources */,
			);
			runOnlyForDeploymentPostprocessing = 0;
		};
/* End PBXSourcesBuildPhase section */

/* Begin PBXTargetDependency section */
		F455EDCB1A3CD0DA0080872C /* PBXTargetDependency */ = {
			isa = PBXTargetDependency;
			target = F455EDB61A3CD0DA0080872C /* TableView */;
			targetProxy = F455EDCA1A3CD0DA0080872C /* PBXContainerItemProxy */;
		};
/* End PBXTargetDependency section */

/* Begin PBXVariantGroup section */
		F455EDC21A3CD0DA0080872C /* Main.storyboard */ = {
			isa = PBXVariantGroup;
			children = (
				F455EDC31A3CD0DA0080872C /* Base */,
			);
			name = Main.storyboard;
			sourceTree = "<group>";
		};
/* End PBXVariantGroup section */

/* Begin XCBuildConfiguration section */
		F455EDD11A3CD0DA0080872C /* Debug */ = {
			isa = XCBuildConfiguration;
			buildSettings = {
				ALWAYS_SEARCH_USER_PATHS = NO;
				CLANG_CXX_LANGUAGE_STANDARD = "gnu++0x";
				CLANG_CXX_LIBRARY = "libc++";
				CLANG_ENABLE_MODULES = YES;
				CLANG_ENABLE_OBJC_ARC = YES;
				CLANG_WARN_BOOL_CONVERSION = YES;
				CLANG_WARN_CONSTANT_CONVERSION = YES;
				CLANG_WARN_DIRECT_OBJC_ISA_USAGE = YES_ERROR;
				CLANG_WARN_EMPTY_BODY = YES;
				CLANG_WARN_ENUM_CONVERSION = YES;
				CLANG_WARN_INT_CONVERSION = YES;
				CLANG_WARN_OBJC_ROOT_CLASS = YES_ERROR;
				CLANG_WARN_UNREACHABLE_CODE = YES;
				CLANG_WARN__DUPLICATE_METHOD_MATCH = YES;
				CODE_SIGN_IDENTITY = "-";
				COPY_PHASE_STRIP = NO;
				ENABLE_STRICT_OBJC_MSGSEND = YES;
				GCC_C_LANGUAGE_STANDARD = gnu99;
				GCC_DYNAMIC_NO_PIC = NO;
				GCC_OPTIMIZATION_LEVEL = 0;
				GCC_PREPROCESSOR_DEFINITIONS = (
					"DEBUG=1",
					"$(inherited)",
				);
				GCC_SYMBOLS_PRIVATE_EXTERN = NO;
				GCC_WARN_64_TO_32_BIT_CONVERSION = YES;
				GCC_WARN_ABOUT_RETURN_TYPE = YES_ERROR;
				GCC_WARN_UNDECLARED_SELECTOR = YES;
				GCC_WARN_UNINITIALIZED_AUTOS = YES_AGGRESSIVE;
				GCC_WARN_UNUSED_FUNCTION = YES;
				GCC_WARN_UNUSED_VARIABLE = YES;
				MACOSX_DEPLOYMENT_TARGET = 10.10;
				MTL_ENABLE_DEBUG_INFO = YES;
				ONLY_ACTIVE_ARCH = YES;
				SDKROOT = macosx;
				SWIFT_OPTIMIZATION_LEVEL = "-Onone";
			};
			name = Debug;
		};
		F455EDD21A3CD0DA0080872C /* Release */ = {
			isa = XCBuildConfiguration;
			buildSettings = {
				ALWAYS_SEARCH_USER_PATHS = NO;
				CLANG_CXX_LANGUAGE_STANDARD = "gnu++0x";
				CLANG_CXX_LIBRARY = "libc++";
				CLANG_ENABLE_MODULES = YES;
				CLANG_ENABLE_OBJC_ARC = YES;
				CLANG_WARN_BOOL_CONVERSION = YES;
				CLANG_WARN_CONSTANT_CONVERSION = YES;
				CLANG_WARN_DIRECT_OBJC_ISA_USAGE = YES_ERROR;
				CLANG_WARN_EMPTY_BODY = YES;
				CLANG_WARN_ENUM_CONVERSION = YES;
				CLANG_WARN_INT_CONVERSION = YES;
				CLANG_WARN_OBJC_ROOT_CLASS = YES_ERROR;
				CLANG_WARN_UNREACHABLE_CODE = YES;
				CLANG_WARN__DUPLICATE_METHOD_MATCH = YES;
				CODE_SIGN_IDENTITY = "-";
				COPY_PHASE_STRIP = YES;
				DEBUG_INFORMATION_FORMAT = "dwarf-with-dsym";
				ENABLE_NS_ASSERTIONS = NO;
				ENABLE_STRICT_OBJC_MSGSEND = YES;
				GCC_C_LANGUAGE_STANDARD = gnu99;
				GCC_WARN_64_TO_32_BIT_CONVERSION = YES;
				GCC_WARN_ABOUT_RETURN_TYPE = YES_ERROR;
				GCC_WARN_UNDECLARED_SELECTOR = YES;
				GCC_WARN_UNINITIALIZED_AUTOS = YES_AGGRESSIVE;
				GCC_WARN_UNUSED_FUNCTION = YES;
				GCC_WARN_UNUSED_VARIABLE = YES;
				MACOSX_DEPLOYMENT_TARGET = 10.10;
				MTL_ENABLE_DEBUG_INFO = NO;
				SDKROOT = macosx;
			};
			name = Release;
		};
		F455EDD41A3CD0DA0080872C /* Debug */ = {
			isa = XCBuildConfiguration;
			buildSettings = {
				ASSETCATALOG_COMPILER_APPICON_NAME = AppIcon;
				COMBINE_HIDPI_IMAGES = YES;
				INFOPLIST_FILE = TableView/Info.plist;
				LD_RUNPATH_SEARCH_PATHS = "$(inherited) @executable_path/../Frameworks";
				PRODUCT_NAME = "$(TARGET_NAME)";
			};
			name = Debug;
		};
		F455EDD51A3CD0DA0080872C /* Release */ = {
			isa = XCBuildConfiguration;
			buildSettings = {
				ASSETCATALOG_COMPILER_APPICON_NAME = AppIcon;
				COMBINE_HIDPI_IMAGES = YES;
				INFOPLIST_FILE = TableView/Info.plist;
				LD_RUNPATH_SEARCH_PATHS = "$(inherited) @executable_path/../Frameworks";
				PRODUCT_NAME = "$(TARGET_NAME)";
			};
			name = Release;
		};
		F455EDD71A3CD0DA0080872C /* Debug */ = {
			isa = XCBuildConfiguration;
			buildSettings = {
				BUNDLE_LOADER = "$(TEST_HOST)";
				COMBINE_HIDPI_IMAGES = YES;
				FRAMEWORK_SEARCH_PATHS = (
					"$(DEVELOPER_FRAMEWORKS_DIR)",
					"$(inherited)",
				);
				GCC_PREPROCESSOR_DEFINITIONS = (
					"DEBUG=1",
					"$(inherited)",
				);
				INFOPLIST_FILE = TableViewTests/Info.plist;
				LD_RUNPATH_SEARCH_PATHS = "$(inherited) @executable_path/../Frameworks @loader_path/../Frameworks";
				PRODUCT_NAME = "$(TARGET_NAME)";
				TEST_HOST = "$(BUILT_PRODUCTS_DIR)/TableView.app/Contents/MacOS/TableView";
			};
			name = Debug;
		};
		F455EDD81A3CD0DA0080872C /* Release */ = {
			isa = XCBuildConfiguration;
			buildSettings = {
				BUNDLE_LOADER = "$(TEST_HOST)";
				COMBINE_HIDPI_IMAGES = YES;
				FRAMEWORK_SEARCH_PATHS = (
					"$(DEVELOPER_FRAMEWORKS_DIR)",
					"$(inherited)",
				);
				INFOPLIST_FILE = TableViewTests/Info.plist;
				LD_RUNPATH_SEARCH_PATHS = "$(inherited) @executable_path/../Frameworks @loader_path/../Frameworks";
				PRODUCT_NAME = "$(TARGET_NAME)";
				TEST_HOST = "$(BUILT_PRODUCTS_DIR)/TableView.app/Contents/MacOS/TableView";
			};
			name = Release;
		};
/* End XCBuildConfiguration section */

/* Begin XCConfigurationList section */
		F455EDB21A3CD0DA0080872C /* Build configuration list for PBXProject "TableView" */ = {
			isa = XCConfigurationList;
			buildConfigurations = (
				F455EDD11A3CD0DA0080872C /* Debug */,
				F455EDD21A3CD0DA0080872C /* Release */,
			);
			defaultConfigurationIsVisible = 0;
			defaultConfigurationName = Release;
		};
		F455EDD31A3CD0DA0080872C /* Build configuration list for PBXNativeTarget "TableView" */ = {
			isa = XCConfigurationList;
			buildConfigurations = (
				F455EDD41A3CD0DA0080872C /* Debug */,
				F455EDD51A3CD0DA0080872C /* Release */,
			);
			defaultConfigurationIsVisible = 0;
		};
		F455EDD61A3CD0DA0080872C /* Build configuration list for PBXNativeTarget "TableViewTests" */ = {
			isa = XCConfigurationList;
			buildConfigurations = (
				F455EDD71A3CD0DA0080872C /* Debug */,
				F455EDD81A3CD0DA0080872C /* Release */,
			);
			defaultConfigurationIsVisible = 0;
		};
/* End XCConfigurationList section */
	};
	rootObject = F455EDAF1A3CD0DA0080872C /* Project object */;
}
